<?xml version="1.0" encoding="utf-8"?>
<Project ToolsVersion="4.0" xmlns="http://schemas.microsoft.com/developer/msbuild/2003">
  <ItemGroup>
    <ClCompile Include="src\main.cpp">
      <Filter>源文件</Filter>
    </ClCompile>
    <ClCompile Include="src\Common\ImagePath.cpp">
      <Filter>源文件</Filter>
    </ClCompile>
    <ClCompile Include="src\CardSystem\CardSystem.cpp">
      <Filter>源文件</Filter>
    </ClCompile>
    <ClCompile Include="src\BattleEngine\BattleEngine.cpp">
      <Filter>源文件</Filter>
    </ClCompile>
    <ClCompile Include="src\BattleEngine\MonsterBehaviors.cpp">
      <Filter>源文件</Filter>
    </ClCompile>
    <ClCompile Include="src\BattleEngine\BattleUI.cpp">
      <Filter>源文件</Filter>
    </ClCompile>
    <ClCompile Include="src\BattleEngine\BattleUISnapshotAdapter.cpp">
      <Filter>源文件</Filter>
    </ClCompile>
    <ClCompile Include="src\DataLayer\DataLayer.cpp">
      <Filter>源文件</Filter>
    </ClCompile>
    <ClCompile Include="src\Effects\StatusEffects.cpp">
      <Filter>源文件</Filter>
    </ClCompile>
    <ClCompile Include="src\Effects\CardEffects.cpp">
      <Filter>源文件</Filter>
    </ClCompile>
    <ClCompile Include="src\DataLayer\JsonParser.cpp">
      <Filter>源文件</Filter>
    </ClCompile>
    <ClCompile Include="src\EventEngine\EventEngine.cpp">
      <Filter>源文件</Filter>
    </ClCompile>
    <ClCompile Include="src\GameFlow\GameFlowController.cpp">
      <Filter>源文件</Filter>
    </ClCompile>
    <ClCompile Include="src\GameFlow\CardCatalogScreen.cpp">
      <Filter>源文件</Filter>
    </ClCompile>
    <ClCompile Include="src\GameFlow\PotionCatalogScreen.cpp">
      <Filter>源文件</Filter>
    </ClCompile>
    <ClCompile Include="src\GameFlow\RelicCatalogScreen.cpp">
      <Filter>源文件</Filter>
    </ClCompile>
    <ClCompile Include="src\GameFlow\CharacterSelectScreen.cpp">
      <Filter>源文件</Filter>
    </ClCompile>
  </ItemGroup>
  <ItemGroup>
    <ClInclude Include="include\BattleEngine\BattleEngine.hpp">
      <Filter>头文件</Filter>
    </ClInclude>
    <ClInclude Include="include\BattleEngine\BattleUI.hpp">
      <Filter>头文件</Filter>
    </ClInclude>
    <ClInclude Include="include\BattleEngine\BattleUIData.hpp">
      <Filter>头文件</Filter>
    </ClInclude>
    <ClInclude Include="include\BattleEngine\BattleUISnapshotAdapter.hpp">
      <Filter>头文件</Filter>
    </ClInclude>
    <ClInclude Include="include\BattleEngine\MonsterBehaviors.hpp">
      <Filter>头文件</Filter>
    </ClInclude>
    <ClInclude Include="include\CardSystem\CardSystem.hpp">
      <Filter>头文件</Filter>
    </ClInclude>
    <ClInclude Include="include\Common\Types.hpp">
      <Filter>头文件</Filter>
    </ClInclude>
    <ClInclude Include="include\DataLayer\DataLayer.h">
      <Filter>头文件</Filter>
    </ClInclude>
    <ClInclude Include="include\DataLayer\DataLayer.hpp">
      <Filter>头文件</Filter>
    </ClInclude>
    <ClInclude Include="include\DataLayer\DataTypes.h">
      <Filter>头文件</Filter>
    </ClInclude>
    <ClInclude Include="include\DataLayer\JsonParser.h">
      <Filter>头文件</Filter>
    </ClInclude>
    <ClInclude Include="include\Effects\CardEffects.hpp">
      <Filter>头文件</Filter>
    </ClInclude>
    <ClInclude Include="include\Effects\StatusEffects.hpp">
      <Filter>头文件</Filter>
    </ClInclude>
    <ClInclude Include="include\EventEngine\EventEngine.hpp">
      <Filter>头文件</Filter>
    </ClInclude>
    <ClInclude Include="include\GameFlow\GameFlowController.hpp">
      <Filter>头文件</Filter>
    </ClInclude>
    <ClInclude Include="include\GameFlow\CardCatalogScreen.hpp">
      <Filter>头文件</Filter>
    </ClInclude>
    <ClInclude Include="include\GameFlow\PotionCatalogScreen.hpp">
      <Filter>头文件</Filter>
    </ClInclude>
    <ClInclude Include="include\GameFlow\RelicCatalogScreen.hpp">
      <Filter>头文件</Filter>
    </ClInclude>
    <ClInclude Include="include\GameFlow\CharacterSelectScreen.hpp">
      <Filter>头文件</Filter>
    </ClInclude>
  </ItemGroup>
  <ItemGroup>
    <Filter Include="源文件">
      <UniqueIdentifier>{4FC737F1-C7A5-4376-A066-2A32D752A2FF}</UniqueIdentifier>
      <Extensions>cpp;c;cc;cxx;c++;cppm;ixx;def;odl;idl;hpj;bat;asm;asmx</Extensions>
    </Filter>
    <Filter Include="头文件">
      <UniqueIdentifier>{93995380-89BD-4b04-88EB-625FBE52EBFB}</UniqueIdentifier>
      <Extensions>h;hh;hpp;hxx;h++;hm;inl;inc;ipp;xsd</Extensions>
    </Filter>
    <Filter Include="资源文件">
      <UniqueIdentifier>{67DA6AB6-F800-4c08-8B7A-83BB121AAD01}</UniqueIdentifier>
      <Extensions>rc;ico;cur;bmp;dlg;rc2;rct;bin;rgs;gif;jpg;jpeg;jpe;resx;tiff;tif;png;wav;mfcribbon-ms</Extensions>
    </Filter>
  </ItemGroup>
</Project>